
Microsoft Visual Studio Solution File, Format Version 12.00
# Visual Studio Version 17
VisualStudioVersion = 17.0.31912.275
MinimumVisualStudioVersion = 10.0.40219.1
Project("{9A19103F-16F7-4668-BE54-9A1E7A4F7556}") = "PostSharp.Engineering.BuildTools", "src\PostSharp.Engineering.BuildTools\PostSharp.Engineering.BuildTools.csproj", "{79C98592-B228-448D-B590-95FD9C8E3123}"
EndProject
Project("{9A19103F-16F7-4668-BE54-9A1E7A4F7556}") = "PostSharp.Engineering.Sdk", "src\PostSharp.Engineering.Sdk\PostSharp.Engineering.Sdk.csproj", "{E7879F3E-FEE6-4E89-A265-52A1297BBCBC}"
EndProject
Global
	GlobalSection(SolutionConfigurationPlatforms) = preSolution
		Debug|Any CPU = Debug|Any CPU
		Release|Any CPU = Release|Any CPU
	EndGlobalSection
	GlobalSection(ProjectConfigurationPlatforms) = postSolution
		{79C98592-B228-448D-B590-95FD9C8E3123}.Debug|Any CPU.ActiveCfg = Debug|Any CPU
		{79C98592-B228-448D-B590-95FD9C8E3123}.Debug|Any CPU.Build.0 = Debug|Any CPU
		{79C98592-B228-448D-B590-95FD9C8E3123}.Release|Any CPU.ActiveCfg = Release|Any CPU
		{79C98592-B228-448D-B590-95FD9C8E3123}.Release|Any CPU.Build.0 = Release|Any CPU
		{E7879F3E-FEE6-4E89-A265-52A1297BBCBC}.Debug|Any CPU.ActiveCfg = Debug|Any CPU
		{E7879F3E-FEE6-4E89-A265-52A1297BBCBC}.Debug|Any CPU.Build.0 = Debug|Any CPU
		{E7879F3E-FEE6-4E89-A265-52A1297BBCBC}.Release|Any CPU.ActiveCfg = Release|Any CPU
		{E7879F3E-FEE6-4E89-A265-52A1297BBCBC}.Release|Any CPU.Build.0 = Release|Any CPU
	EndGlobalSection
	GlobalSection(SolutionProperties) = preSolution
		HideSolutionNode = FALSE
	EndGlobalSection
	GlobalSection(ExtensibilityGlobals) = postSolution
		SolutionGuid = {EE2C48C5-7AD7-4852-A39D-A3C5C94000A9}
	EndGlobalSection
EndGlobal
