
Microsoft Visual Studio Solution File, Format Version 12.00
# Visual Studio Version 17
VisualStudioVersion = 17.0.31912.275
MinimumVisualStudioVersion = 10.0.40219.1
Project("{9A19103F-16F7-4668-BE54-9A1E7A4F7556}") = "PostSharp.Engineering.BuildTools", "src\PostSharp.Engineering.BuildTools\PostSharp.Engineering.BuildTools.csproj", "{79C98592-B228-448D-B590-95FD9C8E3123}"
EndProject
Project("{9A19103F-16F7-4668-BE54-9A1E7A4F7556}") = "PostSharp.Engineering.Sdk", "src\PostSharp.Engineering.Sdk\PostSharp.Engineering.Sdk.csproj", "{E7879F3E-FEE6-4E89-A265-52A1297BBCBC}"
EndProject
Project("{FAE04EC0-301F-11D3-BF4B-00C04F79EFBC}") = "PostSharp.Engineering.DocFx", "src\PostSharp.Engineering.DocFx\PostSharp.Engineering.DocFx.csproj", "{53B2C52E-9095-4D49-8C34-5507BB941EE6}"
EndProject
Project("{FAE04EC0-301F-11D3-BF4B-00C04F79EFBC}") = "PostSharp.Engineering.SystemTypes", "src\PostSharp.Engineering.SystemTypes\PostSharp.Engineering.SystemTypes.csproj", "{B6DB99A8-CF03-44CB-9C5E-2FEC7888DA3E}"
EndProject
Project("{9A19103F-16F7-4668-BE54-9A1E7A4F7556}") = "PostSharp.Engineering.McpApprovalServer", "src\PostSharp.Engineering.McpApprovalServer\PostSharp.Engineering.McpApprovalServer.csproj", "{A1B2C3D4-E5F6-7890-ABCD-EF1234567890}"
EndProject
Project("{2150E333-8FDC-42A3-9474-1A3956D46DE8}") = "src", "src", "{827E0CD3-B72D-47B6-A68D-7590B98EB39B}"
EndProject
Project("{FAE04EC0-301F-11D3-BF4B-00C04F79EFBC}") = "PostSharp.Engineering.BuildTools.Tests", "src\PostSharp.Engineering.BuildTools.Tests\PostSharp.Engineering.BuildTools.Tests.csproj", "{500C0F23-7CC8-4B59-9792-E0040EAEC806}"
EndProject
Global
	GlobalSection(SolutionConfigurationPlatforms) = preSolution
		Debug|Any CPU = Debug|Any CPU
		Debug|x64 = Debug|x64
		Debug|x86 = Debug|x86
		Release|Any CPU = Release|Any CPU
		Release|x64 = Release|x64
		Release|x86 = Release|x86
	EndGlobalSection
	GlobalSection(ProjectConfigurationPlatforms) = postSolution
		{79C98592-B228-448D-B590-95FD9C8E3123}.Debug|Any CPU.ActiveCfg = Debug|Any CPU
		{79C98592-B228-448D-B590-95FD9C8E3123}.Debug|Any CPU.Build.0 = Debug|Any CPU
		{79C98592-B228-448D-B590-95FD9C8E3123}.Debug|x64.ActiveCfg = Debug|Any CPU
		{79C98592-B228-448D-B590-95FD9C8E3123}.Debug|x64.Build.0 = Debug|Any CPU
		{79C98592-B228-448D-B590-95FD9C8E3123}.Debug|x86.ActiveCfg = Debug|Any CPU
		{79C98592-B228-448D-B590-95FD9C8E3123}.Debug|x86.Build.0 = Debug|Any CPU
		{79C98592-B228-448D-B590-95FD9C8E3123}.Release|Any CPU.ActiveCfg = Release|Any CPU
		{79C98592-B228-448D-B590-95FD9C8E3123}.Release|Any CPU.Build.0 = Release|Any CPU
		{79C98592-B228-448D-B590-95FD9C8E3123}.Release|x64.ActiveCfg = Release|Any CPU
		{79C98592-B228-448D-B590-95FD9C8E3123}.Release|x64.Build.0 = Release|Any CPU
		{79C98592-B228-448D-B590-95FD9C8E3123}.Release|x86.ActiveCfg = Release|Any CPU
		{79C98592-B228-448D-B590-95FD9C8E3123}.Release|x86.Build.0 = Release|Any CPU
		{E7879F3E-FEE6-4E89-A265-52A1297BBCBC}.Debug|Any CPU.ActiveCfg = Debug|Any CPU
		{E7879F3E-FEE6-4E89-A265-52A1297BBCBC}.Debug|Any CPU.Build.0 = Debug|Any CPU
		{E7879F3E-FEE6-4E89-A265-52A1297BBCBC}.Debug|x64.ActiveCfg = Debug|Any CPU
		{E7879F3E-FEE6-4E89-A265-52A1297BBCBC}.Debug|x64.Build.0 = Debug|Any CPU
		{E7879F3E-FEE6-4E89-A265-52A1297BBCBC}.Debug|x86.ActiveCfg = Debug|Any CPU
		{E7879F3E-FEE6-4E89-A265-52A1297BBCBC}.Debug|x86.Build.0 = Debug|Any CPU
		{E7879F3E-FEE6-4E89-A265-52A1297BBCBC}.Release|Any CPU.ActiveCfg = Release|Any CPU
		{E7879F3E-FEE6-4E89-A265-52A1297BBCBC}.Release|Any CPU.Build.0 = Release|Any CPU
		{E7879F3E-FEE6-4E89-A265-52A1297BBCBC}.Release|x64.ActiveCfg = Release|Any CPU
		{E7879F3E-FEE6-4E89-A265-52A1297BBCBC}.Release|x64.Build.0 = Release|Any CPU
		{E7879F3E-FEE6-4E89-A265-52A1297BBCBC}.Release|x86.ActiveCfg = Release|Any CPU
		{E7879F3E-FEE6-4E89-A265-52A1297BBCBC}.Release|x86.Build.0 = Release|Any CPU
		{53B2C52E-9095-4D49-8C34-5507BB941EE6}.Debug|Any CPU.ActiveCfg = Debug|Any CPU
		{53B2C52E-9095-4D49-8C34-5507BB941EE6}.Debug|Any CPU.Build.0 = Debug|Any CPU
		{53B2C52E-9095-4D49-8C34-5507BB941EE6}.Debug|x64.ActiveCfg = Debug|Any CPU
		{53B2C52E-9095-4D49-8C34-5507BB941EE6}.Debug|x64.Build.0 = Debug|Any CPU
		{53B2C52E-9095-4D49-8C34-5507BB941EE6}.Debug|x86.ActiveCfg = Debug|Any CPU
		{53B2C52E-9095-4D49-8C34-5507BB941EE6}.Debug|x86.Build.0 = Debug|Any CPU
		{53B2C52E-9095-4D49-8C34-5507BB941EE6}.Release|Any CPU.ActiveCfg = Release|Any CPU
		{53B2C52E-9095-4D49-8C34-5507BB941EE6}.Release|Any CPU.Build.0 = Release|Any CPU
		{53B2C52E-9095-4D49-8C34-5507BB941EE6}.Release|x64.ActiveCfg = Release|Any CPU
		{53B2C52E-9095-4D49-8C34-5507BB941EE6}.Release|x64.Build.0 = Release|Any CPU
		{53B2C52E-9095-4D49-8C34-5507BB941EE6}.Release|x86.ActiveCfg = Release|Any CPU
		{53B2C52E-9095-4D49-8C34-5507BB941EE6}.Release|x86.Build.0 = Release|Any CPU
		{B6DB99A8-CF03-44CB-9C5E-2FEC7888DA3E}.Debug|Any CPU.ActiveCfg = Debug|Any CPU
		{B6DB99A8-CF03-44CB-9C5E-2FEC7888DA3E}.Debug|Any CPU.Build.0 = Debug|Any CPU
		{B6DB99A8-CF03-44CB-9C5E-2FEC7888DA3E}.Debug|x64.ActiveCfg = Debug|Any CPU
		{B6DB99A8-CF03-44CB-9C5E-2FEC7888DA3E}.Debug|x64.Build.0 = Debug|Any CPU
		{B6DB99A8-CF03-44CB-9C5E-2FEC7888DA3E}.Debug|x86.ActiveCfg = Debug|Any CPU
		{B6DB99A8-CF03-44CB-9C5E-2FEC7888DA3E}.Debug|x86.Build.0 = Debug|Any CPU
		{B6DB99A8-CF03-44CB-9C5E-2FEC7888DA3E}.Release|Any CPU.ActiveCfg = Release|Any CPU
		{B6DB99A8-CF03-44CB-9C5E-2FEC7888DA3E}.Release|Any CPU.Build.0 = Release|Any CPU
		{B6DB99A8-CF03-44CB-9C5E-2FEC7888DA3E}.Release|x64.ActiveCfg = Release|Any CPU
		{B6DB99A8-CF03-44CB-9C5E-2FEC7888DA3E}.Release|x64.Build.0 = Release|Any CPU
		{B6DB99A8-CF03-44CB-9C5E-2FEC7888DA3E}.Release|x86.ActiveCfg = Release|Any CPU
		{B6DB99A8-CF03-44CB-9C5E-2FEC7888DA3E}.Release|x86.Build.0 = Release|Any CPU
		{A1B2C3D4-E5F6-7890-ABCD-EF1234567890}.Debug|Any CPU.ActiveCfg = Debug|Any CPU
		{A1B2C3D4-E5F6-7890-ABCD-EF1234567890}.Debug|Any CPU.Build.0 = Debug|Any CPU
		{A1B2C3D4-E5F6-7890-ABCD-EF1234567890}.Debug|x64.ActiveCfg = Debug|Any CPU
		{A1B2C3D4-E5F6-7890-ABCD-EF1234567890}.Debug|x64.Build.0 = Debug|Any CPU
		{A1B2C3D4-E5F6-7890-ABCD-EF1234567890}.Debug|x86.ActiveCfg = Debug|Any CPU
		{A1B2C3D4-E5F6-7890-ABCD-EF1234567890}.Debug|x86.Build.0 = Debug|Any CPU
		{A1B2C3D4-E5F6-7890-ABCD-EF1234567890}.Release|Any CPU.ActiveCfg = Release|Any CPU
		{A1B2C3D4-E5F6-7890-ABCD-EF1234567890}.Release|Any CPU.Build.0 = Release|Any CPU
		{A1B2C3D4-E5F6-7890-ABCD-EF1234567890}.Release|x64.ActiveCfg = Release|Any CPU
		{A1B2C3D4-E5F6-7890-ABCD-EF1234567890}.Release|x64.Build.0 = Release|Any CPU
		{A1B2C3D4-E5F6-7890-ABCD-EF1234567890}.Release|x86.ActiveCfg = Release|Any CPU
		{A1B2C3D4-E5F6-7890-ABCD-EF1234567890}.Release|x86.Build.0 = Release|Any CPU
		{500C0F23-7CC8-4B59-9792-E0040EAEC806}.Debug|Any CPU.ActiveCfg = Debug|Any CPU
		{500C0F23-7CC8-4B59-9792-E0040EAEC806}.Debug|Any CPU.Build.0 = Debug|Any CPU
		{500C0F23-7CC8-4B59-9792-E0040EAEC806}.Debug|x64.ActiveCfg = Debug|Any CPU
		{500C0F23-7CC8-4B59-9792-E0040EAEC806}.Debug|x64.Build.0 = Debug|Any CPU
		{500C0F23-7CC8-4B59-9792-E0040EAEC806}.Debug|x86.ActiveCfg = Debug|Any CPU
		{500C0F23-7CC8-4B59-9792-E0040EAEC806}.Debug|x86.Build.0 = Debug|Any CPU
		{500C0F23-7CC8-4B59-9792-E0040EAEC806}.Release|Any CPU.ActiveCfg = Release|Any CPU
		{500C0F23-7CC8-4B59-9792-E0040EAEC806}.Release|Any CPU.Build.0 = Release|Any CPU
		{500C0F23-7CC8-4B59-9792-E0040EAEC806}.Release|x64.ActiveCfg = Release|Any CPU
		{500C0F23-7CC8-4B59-9792-E0040EAEC806}.Release|x64.Build.0 = Release|Any CPU
		{500C0F23-7CC8-4B59-9792-E0040EAEC806}.Release|x86.ActiveCfg = Release|Any CPU
		{500C0F23-7CC8-4B59-9792-E0040EAEC806}.Release|x86.Build.0 = Release|Any CPU
	EndGlobalSection
	GlobalSection(SolutionProperties) = preSolution
		HideSolutionNode = FALSE
	EndGlobalSection
	GlobalSection(NestedProjects) = preSolution
		{500C0F23-7CC8-4B59-9792-E0040EAEC806} = {827E0CD3-B72D-47B6-A68D-7590B98EB39B}
	EndGlobalSection
	GlobalSection(ExtensibilityGlobals) = postSolution
		SolutionGuid = {EE2C48C5-7AD7-4852-A39D-A3C5C94000A9}
	EndGlobalSection
EndGlobal
